
Microsoft Visual Studio Solution File, Format Version 12.00
# Visual Studio Version 17
VisualStudioVersion = 17.0.32112.339
MinimumVisualStudioVersion = 10.0.40219.1
Project("{9A19103F-16F7-4668-BE54-9A1E7A4F7556}") = "BootCamp2023.UnitTests", "BootCamp2023.UnitTests\BootCamp2023.UnitTests.csproj", "{6BDB6CD8-B15D-4715-84F2-263DBA0B28E8}"
EndProject
Global
	GlobalSection(SolutionConfigurationPlatforms) = preSolution
		Debug|Any CPU = Debug|Any CPU
		Release|Any CPU = Release|Any CPU
	EndGlobalSection
	GlobalSection(ProjectConfigurationPlatforms) = postSolution
		{6BDB6CD8-B15D-4715-84F2-263DBA0B28E8}.Debug|Any CPU.ActiveCfg = Debug|Any CPU
		{6BDB6CD8-B15D-4715-84F2-263DBA0B28E8}.Debug|Any CPU.Build.0 = Debug|Any CPU
		{6BDB6CD8-B15D-4715-84F2-263DBA0B28E8}.Release|Any CPU.ActiveCfg = Release|Any CPU
		{6BDB6CD8-B15D-4715-84F2-263DBA0B28E8}.Release|Any CPU.Build.0 = Release|Any CPU
	EndGlobalSection
	GlobalSection(SolutionProperties) = preSolution
		HideSolutionNode = FALSE
	EndGlobalSection
	GlobalSection(ExtensibilityGlobals) = postSolution
		SolutionGuid = {C7432D4E-2D05-46B5-8C5C-6D3EC4FC8E4F}
	EndGlobalSection
EndGlobal
